
Microsoft Visual Studio Solution File, Format Version 12.00
# Visual Studio Version 17
VisualStudioVersion = 17.2.32630.192
MinimumVisualStudioVersion = 10.0.40219.1
Project("{FAE04EC0-301F-11D3-BF4B-00C04F79EFBC}") = "Employee-API", "Employee-API.csproj", "{9452DBEF-795A-4398-B7D2-E6B2F8E637DE}"
EndProject
Global
	GlobalSection(SolutionConfigurationPlatforms) = preSolution
		Debug|Any CPU = Debug|Any CPU
		Release|Any CPU = Release|Any CPU
	EndGlobalSection
	GlobalSection(ProjectConfigurationPlatforms) = postSolution
		{9452DBEF-795A-4398-B7D2-E6B2F8E637DE}.Debug|Any CPU.ActiveCfg = Debug|Any CPU
		{9452DBEF-795A-4398-B7D2-E6B2F8E637DE}.Debug|Any CPU.Build.0 = Debug|Any CPU
		{9452DBEF-795A-4398-B7D2-E6B2F8E637DE}.Release|Any CPU.ActiveCfg = Release|Any CPU
		{9452DBEF-795A-4398-B7D2-E6B2F8E637DE}.Release|Any CPU.Build.0 = Release|Any CPU
	EndGlobalSection
	GlobalSection(SolutionProperties) = preSolution
		HideSolutionNode = FALSE
	EndGlobalSection
	GlobalSection(ExtensibilityGlobals) = postSolution
		SolutionGuid = {A3247B9C-C5E7-47F8-8AAD-613CA8920C07}
	EndGlobalSection
EndGlobal
